
Microsoft Visual Studio Solution File, Format Version 12.00
# Visual Studio Version 16
VisualStudioVersion = 16.0.30804.86
MinimumVisualStudioVersion = 10.0.40219.1
Project("{9A19103F-16F7-4668-BE54-9A1E7A4F7556}") = "YourChores", "YourChores\YourChores.csproj", "{95F1A559-99A2-454F-9D00-0FF08F5414AF}"
EndProject
Project("{FAE04EC0-301F-11D3-BF4B-00C04F79EFBC}") = "YourChores.Data", "YourChores.Data\YourChores.Data.csproj", "{D60F91F8-434A-4202-887D-DB2FD3AA3805}"
EndProject
Global
	GlobalSection(SolutionConfigurationPlatforms) = preSolution
		Debug|Any CPU = Debug|Any CPU
		Release|Any CPU = Release|Any CPU
	EndGlobalSection
	GlobalSection(ProjectConfigurationPlatforms) = postSolution
		{95F1A559-99A2-454F-9D00-0FF08F5414AF}.Debug|Any CPU.ActiveCfg = Debug|Any CPU
		{95F1A559-99A2-454F-9D00-0FF08F5414AF}.Debug|Any CPU.Build.0 = Debug|Any CPU
		{95F1A559-99A2-454F-9D00-0FF08F5414AF}.Release|Any CPU.ActiveCfg = Release|Any CPU
		{95F1A559-99A2-454F-9D00-0FF08F5414AF}.Release|Any CPU.Build.0 = Release|Any CPU
		{D60F91F8-434A-4202-887D-DB2FD3AA3805}.Debug|Any CPU.ActiveCfg = Debug|Any CPU
		{D60F91F8-434A-4202-887D-DB2FD3AA3805}.Debug|Any CPU.Build.0 = Debug|Any CPU
		{D60F91F8-434A-4202-887D-DB2FD3AA3805}.Release|Any CPU.ActiveCfg = Release|Any CPU
		{D60F91F8-434A-4202-887D-DB2FD3AA3805}.Release|Any CPU.Build.0 = Release|Any CPU
	EndGlobalSection
	GlobalSection(SolutionProperties) = preSolution
		HideSolutionNode = FALSE
	EndGlobalSection
	GlobalSection(ExtensibilityGlobals) = postSolution
		SolutionGuid = {6B7C51E2-C7B4-4F23-AD4B-57A84F86A290}
	EndGlobalSection
EndGlobal
